
Microsoft Visual Studio Solution File, Format Version 12.00
# Visual Studio Version 16
VisualStudioVersion = 16.0.33927.289
MinimumVisualStudioVersion = 10.0.40219.1
Project("{2150E333-8FDC-42A3-9474-1A3956D46DE8}") = "Task0", "Task0", "{805ACBCF-64EF-4D5A-BBFF-24BDF4510E86}"
EndProject
Project("{FAE04EC0-301F-11D3-BF4B-00C04F79EFBC}") = "Tyuiu.KornilovKA.Sprint3.Task0.V12", "Tyuiu.KornilovKA.Sprint3.Task0.V12\Tyuiu.KornilovKA.Sprint3.Task0.V12.csproj", "{83A9F63A-4EE4-48FA-B72E-93DBD7316B7A}"
EndProject
Project("{FAE04EC0-301F-11D3-BF4B-00C04F79EFBC}") = "Tyuiu.KornilovKA.Sprint3.Task0.V12.Lib", "Tyuiu.KornilovKA.Sprint3.Task0.V12.Lib\Tyuiu.KornilovKA.Sprint3.Task0.V12.Lib.csproj", "{A645749A-37B9-4ED7-AD74-F21B9B6F131E}"
EndProject
Project("{FAE04EC0-301F-11D3-BF4B-00C04F79EFBC}") = "Tyuiu.KornilovKA.Sprint3.Task0.V12.Test", "Tyuiu.KornilovKA.Sprint3.Task0.V12.Test\Tyuiu.KornilovKA.Sprint3.Task0.V12.Test.csproj", "{63438487-B6C6-42DA-BB96-E5069533DA18}"
EndProject
Project("{2150E333-8FDC-42A3-9474-1A3956D46DE8}") = "Task1", "Task1", "{7AA240C7-760D-4054-A473-3C0F8AF95697}"
EndProject
Project("{FAE04EC0-301F-11D3-BF4B-00C04F79EFBC}") = "Tyuiu.KornilovKA.Sprint3.Task1.V8", "Tyuiu.KornilovKA.Sprint3.Task1.V8\Tyuiu.KornilovKA.Sprint3.Task1.V8.csproj", "{04B77457-7B05-482E-B4EB-DB9048CDF352}"
EndProject
Project("{FAE04EC0-301F-11D3-BF4B-00C04F79EFBC}") = "Tyuiu.KornilovKA.Sprint3.Task1.V8.Lib", "Tyuiu.KornilovKA.Sprint3.Task1.V8.Lib\Tyuiu.KornilovKA.Sprint3.Task1.V8.Lib.csproj", "{182556CA-01C3-4EEA-819D-64BAF49A31A1}"
EndProject
Project("{FAE04EC0-301F-11D3-BF4B-00C04F79EFBC}") = "Tyuiu.KornilovKA.Sprint3.Task1.V8.Test", "Tyuiu.KornilovKA.Sprint3.Task1.V8.Test\Tyuiu.KornilovKA.Sprint3.Task1.V8.Test.csproj", "{5CCA3BBC-C0A4-4D8A-8D64-E20F3B6CE85F}"
EndProject
Project("{2150E333-8FDC-42A3-9474-1A3956D46DE8}") = "Task2", "Task2", "{8E92AABA-E1D2-4FD0-A796-A04AEF03148B}"
EndProject
Project("{FAE04EC0-301F-11D3-BF4B-00C04F79EFBC}") = "Tyuiu.KornilovKA.Sprint3.Task2.V6", "Tyuiu.KornilovKA.Sprint3.Task2.V6\Tyuiu.KornilovKA.Sprint3.Task2.V6.csproj", "{2381248D-77C1-44F4-B5D7-064009D573F1}"
EndProject
Project("{FAE04EC0-301F-11D3-BF4B-00C04F79EFBC}") = "Tyuiu.KornilovKA.Sprint3.Task2.V6.Lib", "Tyuiu.KornilovKA.Sprint3.Task2.V6.Lib\Tyuiu.KornilovKA.Sprint3.Task2.V6.Lib.csproj", "{F6C501F9-3E8E-41EC-9FE7-74C40974B93D}"
EndProject
Project("{FAE04EC0-301F-11D3-BF4B-00C04F79EFBC}") = "Tyuiu.KornilovKA.Sprint3.Task2.V6.Test", "Tyuiu.KornilovKA.Sprint3.Task2.V6.Test\Tyuiu.KornilovKA.Sprint3.Task2.V6.Test.csproj", "{B6CF7109-373D-4B5C-9801-32154B48A281}"
EndProject
Global
	GlobalSection(SolutionConfigurationPlatforms) = preSolution
		Debug|Any CPU = Debug|Any CPU
		Release|Any CPU = Release|Any CPU
	EndGlobalSection
	GlobalSection(ProjectConfigurationPlatforms) = postSolution
		{83A9F63A-4EE4-48FA-B72E-93DBD7316B7A}.Debug|Any CPU.ActiveCfg = Debug|Any CPU
		{83A9F63A-4EE4-48FA-B72E-93DBD7316B7A}.Debug|Any CPU.Build.0 = Debug|Any CPU
		{83A9F63A-4EE4-48FA-B72E-93DBD7316B7A}.Release|Any CPU.ActiveCfg = Release|Any CPU
		{83A9F63A-4EE4-48FA-B72E-93DBD7316B7A}.Release|Any CPU.Build.0 = Release|Any CPU
		{A645749A-37B9-4ED7-AD74-F21B9B6F131E}.Debug|Any CPU.ActiveCfg = Debug|Any CPU
		{A645749A-37B9-4ED7-AD74-F21B9B6F131E}.Debug|Any CPU.Build.0 = Debug|Any CPU
		{A645749A-37B9-4ED7-AD74-F21B9B6F131E}.Release|Any CPU.ActiveCfg = Release|Any CPU
		{A645749A-37B9-4ED7-AD74-F21B9B6F131E}.Release|Any CPU.Build.0 = Release|Any CPU
		{63438487-B6C6-42DA-BB96-E5069533DA18}.Debug|Any CPU.ActiveCfg = Debug|Any CPU
		{63438487-B6C6-42DA-BB96-E5069533DA18}.Debug|Any CPU.Build.0 = Debug|Any CPU
		{63438487-B6C6-42DA-BB96-E5069533DA18}.Release|Any CPU.ActiveCfg = Release|Any CPU
		{63438487-B6C6-42DA-BB96-E5069533DA18}.Release|Any CPU.Build.0 = Release|Any CPU
		{04B77457-7B05-482E-B4EB-DB9048CDF352}.Debug|Any CPU.ActiveCfg = Debug|Any CPU
		{04B77457-7B05-482E-B4EB-DB9048CDF352}.Debug|Any CPU.Build.0 = Debug|Any CPU
		{04B77457-7B05-482E-B4EB-DB9048CDF352}.Release|Any CPU.ActiveCfg = Release|Any CPU
		{04B77457-7B05-482E-B4EB-DB9048CDF352}.Release|Any CPU.Build.0 = Release|Any CPU
		{182556CA-01C3-4EEA-819D-64BAF49A31A1}.Debug|Any CPU.ActiveCfg = Debug|Any CPU
		{182556CA-01C3-4EEA-819D-64BAF49A31A1}.Debug|Any CPU.Build.0 = Debug|Any CPU
		{182556CA-01C3-4EEA-819D-64BAF49A31A1}.Release|Any CPU.ActiveCfg = Release|Any CPU
		{182556CA-01C3-4EEA-819D-64BAF49A31A1}.Release|Any CPU.Build.0 = Release|Any CPU
		{5CCA3BBC-C0A4-4D8A-8D64-E20F3B6CE85F}.Debug|Any CPU.ActiveCfg = Debug|Any CPU
		{5CCA3BBC-C0A4-4D8A-8D64-E20F3B6CE85F}.Debug|Any CPU.Build.0 = Debug|Any CPU
		{5CCA3BBC-C0A4-4D8A-8D64-E20F3B6CE85F}.Release|Any CPU.ActiveCfg = Release|Any CPU
		{5CCA3BBC-C0A4-4D8A-8D64-E20F3B6CE85F}.Release|Any CPU.Build.0 = Release|Any CPU
		{2381248D-77C1-44F4-B5D7-064009D573F1}.Debug|Any CPU.ActiveCfg = Debug|Any CPU
		{2381248D-77C1-44F4-B5D7-064009D573F1}.Debug|Any CPU.Build.0 = Debug|Any CPU
		{2381248D-77C1-44F4-B5D7-064009D573F1}.Release|Any CPU.ActiveCfg = Release|Any CPU
		{2381248D-77C1-44F4-B5D7-064009D573F1}.Release|Any CPU.Build.0 = Release|Any CPU
		{F6C501F9-3E8E-41EC-9FE7-74C40974B93D}.Debug|Any CPU.ActiveCfg = Debug|Any CPU
		{F6C501F9-3E8E-41EC-9FE7-74C40974B93D}.Debug|Any CPU.Build.0 = Debug|Any CPU
		{F6C501F9-3E8E-41EC-9FE7-74C40974B93D}.Release|Any CPU.ActiveCfg = Release|Any CPU
		{F6C501F9-3E8E-41EC-9FE7-74C40974B93D}.Release|Any CPU.Build.0 = Release|Any CPU
		{B6CF7109-373D-4B5C-9801-32154B48A281}.Debug|Any CPU.ActiveCfg = Debug|Any CPU
		{B6CF7109-373D-4B5C-9801-32154B48A281}.Debug|Any CPU.Build.0 = Debug|Any CPU
		{B6CF7109-373D-4B5C-9801-32154B48A281}.Release|Any CPU.ActiveCfg = Release|Any CPU
		{B6CF7109-373D-4B5C-9801-32154B48A281}.Release|Any CPU.Build.0 = Release|Any CPU
	EndGlobalSection
	GlobalSection(SolutionProperties) = preSolution
		HideSolutionNode = FALSE
	EndGlobalSection
	GlobalSection(NestedProjects) = preSolution
		{83A9F63A-4EE4-48FA-B72E-93DBD7316B7A} = {805ACBCF-64EF-4D5A-BBFF-24BDF4510E86}
		{A645749A-37B9-4ED7-AD74-F21B9B6F131E} = {805ACBCF-64EF-4D5A-BBFF-24BDF4510E86}
		{63438487-B6C6-42DA-BB96-E5069533DA18} = {805ACBCF-64EF-4D5A-BBFF-24BDF4510E86}
		{04B77457-7B05-482E-B4EB-DB9048CDF352} = {7AA240C7-760D-4054-A473-3C0F8AF95697}
		{182556CA-01C3-4EEA-819D-64BAF49A31A1} = {7AA240C7-760D-4054-A473-3C0F8AF95697}
		{5CCA3BBC-C0A4-4D8A-8D64-E20F3B6CE85F} = {7AA240C7-760D-4054-A473-3C0F8AF95697}
		{2381248D-77C1-44F4-B5D7-064009D573F1} = {8E92AABA-E1D2-4FD0-A796-A04AEF03148B}
		{F6C501F9-3E8E-41EC-9FE7-74C40974B93D} = {8E92AABA-E1D2-4FD0-A796-A04AEF03148B}
		{B6CF7109-373D-4B5C-9801-32154B48A281} = {8E92AABA-E1D2-4FD0-A796-A04AEF03148B}
	EndGlobalSection
	GlobalSection(ExtensibilityGlobals) = postSolution
		SolutionGuid = {D854B9C0-18DE-4656-8C64-DEEABF0D4AA3}
	EndGlobalSection
EndGlobal
