
Microsoft Visual Studio Solution File, Format Version 12.00
# Visual Studio Version 16
VisualStudioVersion = 16.0.33927.289
MinimumVisualStudioVersion = 10.0.40219.1
Project("{2150E333-8FDC-42A3-9474-1A3956D46DE8}") = "Task0", "Task0", "{805ACBCF-64EF-4D5A-BBFF-24BDF4510E86}"
EndProject
Project("{FAE04EC0-301F-11D3-BF4B-00C04F79EFBC}") = "Tyuiu.KornilovKA.Sprint3.Task0.V12", "Tyuiu.KornilovKA.Sprint3.Task0.V12\Tyuiu.KornilovKA.Sprint3.Task0.V12.csproj", "{83A9F63A-4EE4-48FA-B72E-93DBD7316B7A}"
EndProject
Project("{FAE04EC0-301F-11D3-BF4B-00C04F79EFBC}") = "Tyuiu.KornilovKA.Sprint3.Task0.V12.Lib", "Tyuiu.KornilovKA.Sprint3.Task0.V12.Lib\Tyuiu.KornilovKA.Sprint3.Task0.V12.Lib.csproj", "{A645749A-37B9-4ED7-AD74-F21B9B6F131E}"
EndProject
Project("{FAE04EC0-301F-11D3-BF4B-00C04F79EFBC}") = "Tyuiu.KornilovKA.Sprint3.Task0.V12.Test", "Tyuiu.KornilovKA.Sprint3.Task0.V12.Test\Tyuiu.KornilovKA.Sprint3.Task0.V12.Test.csproj", "{63438487-B6C6-42DA-BB96-E5069533DA18}"
EndProject
Project("{2150E333-8FDC-42A3-9474-1A3956D46DE8}") = "Task1", "Task1", "{7AA240C7-760D-4054-A473-3C0F8AF95697}"
EndProject
Project("{FAE04EC0-301F-11D3-BF4B-00C04F79EFBC}") = "Tyuiu.KornilovKA.Sprint3.Task1.V8", "Tyuiu.KornilovKA.Sprint3.Task1.V8\Tyuiu.KornilovKA.Sprint3.Task1.V8.csproj", "{04B77457-7B05-482E-B4EB-DB9048CDF352}"
EndProject
Project("{FAE04EC0-301F-11D3-BF4B-00C04F79EFBC}") = "Tyuiu.KornilovKA.Sprint3.Task1.V8.Lib", "Tyuiu.KornilovKA.Sprint3.Task1.V8.Lib\Tyuiu.KornilovKA.Sprint3.Task1.V8.Lib.csproj", "{182556CA-01C3-4EEA-819D-64BAF49A31A1}"
EndProject
Project("{FAE04EC0-301F-11D3-BF4B-00C04F79EFBC}") = "Tyuiu.KornilovKA.Sprint3.Task1.V8.Test", "Tyuiu.KornilovKA.Sprint3.Task1.V8.Test\Tyuiu.KornilovKA.Sprint3.Task1.V8.Test.csproj", "{5CCA3BBC-C0A4-4D8A-8D64-E20F3B6CE85F}"
EndProject
Project("{2150E333-8FDC-42A3-9474-1A3956D46DE8}") = "Task2", "Task2", "{8E92AABA-E1D2-4FD0-A796-A04AEF03148B}"
EndProject
Project("{FAE04EC0-301F-11D3-BF4B-00C04F79EFBC}") = "Tyuiu.KornilovKA.Sprint3.Task2.V6", "Tyuiu.KornilovKA.Sprint3.Task2.V6\Tyuiu.KornilovKA.Sprint3.Task2.V6.csproj", "{2381248D-77C1-44F4-B5D7-064009D573F1}"
EndProject
Project("{FAE04EC0-301F-11D3-BF4B-00C04F79EFBC}") = "Tyuiu.KornilovKA.Sprint3.Task2.V6.Lib", "Tyuiu.KornilovKA.Sprint3.Task2.V6.Lib\Tyuiu.KornilovKA.Sprint3.Task2.V6.Lib.csproj", "{F6C501F9-3E8E-41EC-9FE7-74C40974B93D}"
EndProject
Project("{FAE04EC0-301F-11D3-BF4B-00C04F79EFBC}") = "Tyuiu.KornilovKA.Sprint3.Task2.V6.Test", "Tyuiu.KornilovKA.Sprint3.Task2.V6.Test\Tyuiu.KornilovKA.Sprint3.Task2.V6.Test.csproj", "{B6CF7109-373D-4B5C-9801-32154B48A281}"
EndProject
Project("{2150E333-8FDC-42A3-9474-1A3956D46DE8}") = "Task3", "Task3", "{ED25E06A-0280-4627-83DA-5C53A9BD398D}"
EndProject
Project("{FAE04EC0-301F-11D3-BF4B-00C04F79EFBC}") = "Tyuiu.KornilovKA.Sprint3.Task3.V17", "Tyuiu.KornilovKA.Sprint3.Task3.V17\Tyuiu.KornilovKA.Sprint3.Task3.V17.csproj", "{4524011C-1A07-4287-B96D-8501DC85D732}"
EndProject
Project("{FAE04EC0-301F-11D3-BF4B-00C04F79EFBC}") = "Tyuiu.KornilovKA.Sprint3.Task3.V17.Lib", "Tyuiu.KornilovKA.Sprint3.Task3.V17.Lib\Tyuiu.KornilovKA.Sprint3.Task3.V17.Lib.csproj", "{8030A87F-995C-4B8C-AB20-46C99D0E008B}"
EndProject
Project("{FAE04EC0-301F-11D3-BF4B-00C04F79EFBC}") = "Tyuiu.KornilovKA.Sprint3.Task3.V17.Test", "Tyuiu.KornilovKA.Sprint3.Task3.V17.Test\Tyuiu.KornilovKA.Sprint3.Task3.V17.Test.csproj", "{42FED6F3-4C55-4372-A642-42D45A4E3C04}"
EndProject
Project("{2150E333-8FDC-42A3-9474-1A3956D46DE8}") = "Task4", "Task4", "{70486B89-28B1-4FFB-AD7D-5B0D329753C7}"
EndProject
Project("{FAE04EC0-301F-11D3-BF4B-00C04F79EFBC}") = "Tyuiu.KornilovKA.Sprint3.Task4.V3", "Tyuiu.KornilovKA.Sprint3.Task4.V3\Tyuiu.KornilovKA.Sprint3.Task4.V3.csproj", "{532AB058-BEFD-4589-8335-E2AE150ECE67}"
EndProject
Project("{FAE04EC0-301F-11D3-BF4B-00C04F79EFBC}") = "Tyuiu.KornilovKA.Sprint3.Task4.V3.Lib", "Tyuiu.KornilovKA.Sprint3.Task4.V3.Lib\Tyuiu.KornilovKA.Sprint3.Task4.V3.Lib.csproj", "{BA805D23-017E-428C-9ED4-60C07DAB3635}"
EndProject
Project("{FAE04EC0-301F-11D3-BF4B-00C04F79EFBC}") = "Tyuiu.KornilovKA.Sprint3.Task4.V3.Test", "Tyuiu.KornilovKA.Sprint3.Task4.V3.Test\Tyuiu.KornilovKA.Sprint3.Task4.V3.Test.csproj", "{E966130D-1CB6-49DD-820F-E4ABFA46EA18}"
EndProject
Project("{2150E333-8FDC-42A3-9474-1A3956D46DE8}") = "Task5", "Task5", "{46CCF8CC-DA48-4160-A387-5294E130D4E6}"
EndProject
Project("{FAE04EC0-301F-11D3-BF4B-00C04F79EFBC}") = "Tyuiu.KornilovKA.Sprint3.Task5.V1", "Tyuiu.KornilovKA.Sprint3.Task5.V1\Tyuiu.KornilovKA.Sprint3.Task5.V1.csproj", "{AED4B9D6-B203-49C9-A95A-157B26A197EB}"
EndProject
Project("{FAE04EC0-301F-11D3-BF4B-00C04F79EFBC}") = "Tyuiu.KornilovKA.Sprint3.Task5.V1.Lib", "Tyuiu.KornilovKA.Sprint3.Task5.V1.Lib\Tyuiu.KornilovKA.Sprint3.Task5.V1.Lib.csproj", "{5372109B-54B1-4057-B184-E1F2AE7F7F54}"
EndProject
Project("{FAE04EC0-301F-11D3-BF4B-00C04F79EFBC}") = "Tyuiu.KornilovKA.Sprint3.Task5.V1.Test", "Tyuiu.KornilovKA.Sprint3.Task5.V1.Test\Tyuiu.KornilovKA.Sprint3.Task5.V1.Test.csproj", "{3A9F99D4-6653-46EC-B617-84D7384E9956}"
EndProject
Project("{2150E333-8FDC-42A3-9474-1A3956D46DE8}") = "Task6", "Task6", "{41E3E992-3598-4905-A67F-71F58DC79490}"
EndProject
Project("{FAE04EC0-301F-11D3-BF4B-00C04F79EFBC}") = "Tyuiu.KornilovKA.Sprint3.Task6.V22", "Tyuiu.KornilovKA.Sprint3.Task6.V22\Tyuiu.KornilovKA.Sprint3.Task6.V22.csproj", "{2F79C2E8-5AE7-4F77-859B-33F8E489B948}"
EndProject
Project("{FAE04EC0-301F-11D3-BF4B-00C04F79EFBC}") = "Tyuiu.KornilovKA.Sprint3.Task6.V22.Lib", "Tyuiu.KornilovKA.Sprint3.Task6.V22.Lib\Tyuiu.KornilovKA.Sprint3.Task6.V22.Lib.csproj", "{9FAA1DDD-8EAC-476F-B677-1D2CD36E81A9}"
EndProject
Project("{FAE04EC0-301F-11D3-BF4B-00C04F79EFBC}") = "Tyuiu.KornilovKA.Sprint3.Task6.V22.Test", "Tyuiu.KornilovKA.Sprint3.Task6.V22.Test\Tyuiu.KornilovKA.Sprint3.Task6.V22.Test.csproj", "{1E259E6F-055F-497F-818D-6AA2EDA64C15}"
EndProject
Global
	GlobalSection(SolutionConfigurationPlatforms) = preSolution
		Debug|Any CPU = Debug|Any CPU
		Release|Any CPU = Release|Any CPU
	EndGlobalSection
	GlobalSection(ProjectConfigurationPlatforms) = postSolution
		{83A9F63A-4EE4-48FA-B72E-93DBD7316B7A}.Debug|Any CPU.ActiveCfg = Debug|Any CPU
		{83A9F63A-4EE4-48FA-B72E-93DBD7316B7A}.Debug|Any CPU.Build.0 = Debug|Any CPU
		{83A9F63A-4EE4-48FA-B72E-93DBD7316B7A}.Release|Any CPU.ActiveCfg = Release|Any CPU
		{83A9F63A-4EE4-48FA-B72E-93DBD7316B7A}.Release|Any CPU.Build.0 = Release|Any CPU
		{A645749A-37B9-4ED7-AD74-F21B9B6F131E}.Debug|Any CPU.ActiveCfg = Debug|Any CPU
		{A645749A-37B9-4ED7-AD74-F21B9B6F131E}.Debug|Any CPU.Build.0 = Debug|Any CPU
		{A645749A-37B9-4ED7-AD74-F21B9B6F131E}.Release|Any CPU.ActiveCfg = Release|Any CPU
		{A645749A-37B9-4ED7-AD74-F21B9B6F131E}.Release|Any CPU.Build.0 = Release|Any CPU
		{63438487-B6C6-42DA-BB96-E5069533DA18}.Debug|Any CPU.ActiveCfg = Debug|Any CPU
		{63438487-B6C6-42DA-BB96-E5069533DA18}.Debug|Any CPU.Build.0 = Debug|Any CPU
		{63438487-B6C6-42DA-BB96-E5069533DA18}.Release|Any CPU.ActiveCfg = Release|Any CPU
		{63438487-B6C6-42DA-BB96-E5069533DA18}.Release|Any CPU.Build.0 = Release|Any CPU
		{04B77457-7B05-482E-B4EB-DB9048CDF352}.Debug|Any CPU.ActiveCfg = Debug|Any CPU
		{04B77457-7B05-482E-B4EB-DB9048CDF352}.Debug|Any CPU.Build.0 = Debug|Any CPU
		{04B77457-7B05-482E-B4EB-DB9048CDF352}.Release|Any CPU.ActiveCfg = Release|Any CPU
		{04B77457-7B05-482E-B4EB-DB9048CDF352}.Release|Any CPU.Build.0 = Release|Any CPU
		{182556CA-01C3-4EEA-819D-64BAF49A31A1}.Debug|Any CPU.ActiveCfg = Debug|Any CPU
		{182556CA-01C3-4EEA-819D-64BAF49A31A1}.Debug|Any CPU.Build.0 = Debug|Any CPU
		{182556CA-01C3-4EEA-819D-64BAF49A31A1}.Release|Any CPU.ActiveCfg = Release|Any CPU
		{182556CA-01C3-4EEA-819D-64BAF49A31A1}.Release|Any CPU.Build.0 = Release|Any CPU
		{5CCA3BBC-C0A4-4D8A-8D64-E20F3B6CE85F}.Debug|Any CPU.ActiveCfg = Debug|Any CPU
		{5CCA3BBC-C0A4-4D8A-8D64-E20F3B6CE85F}.Debug|Any CPU.Build.0 = Debug|Any CPU
		{5CCA3BBC-C0A4-4D8A-8D64-E20F3B6CE85F}.Release|Any CPU.ActiveCfg = Release|Any CPU
		{5CCA3BBC-C0A4-4D8A-8D64-E20F3B6CE85F}.Release|Any CPU.Build.0 = Release|Any CPU
		{2381248D-77C1-44F4-B5D7-064009D573F1}.Debug|Any CPU.ActiveCfg = Debug|Any CPU
		{2381248D-77C1-44F4-B5D7-064009D573F1}.Debug|Any CPU.Build.0 = Debug|Any CPU
		{2381248D-77C1-44F4-B5D7-064009D573F1}.Release|Any CPU.ActiveCfg = Release|Any CPU
		{2381248D-77C1-44F4-B5D7-064009D573F1}.Release|Any CPU.Build.0 = Release|Any CPU
		{F6C501F9-3E8E-41EC-9FE7-74C40974B93D}.Debug|Any CPU.ActiveCfg = Debug|Any CPU
		{F6C501F9-3E8E-41EC-9FE7-74C40974B93D}.Debug|Any CPU.Build.0 = Debug|Any CPU
		{F6C501F9-3E8E-41EC-9FE7-74C40974B93D}.Release|Any CPU.ActiveCfg = Release|Any CPU
		{F6C501F9-3E8E-41EC-9FE7-74C40974B93D}.Release|Any CPU.Build.0 = Release|Any CPU
		{B6CF7109-373D-4B5C-9801-32154B48A281}.Debug|Any CPU.ActiveCfg = Debug|Any CPU
		{B6CF7109-373D-4B5C-9801-32154B48A281}.Debug|Any CPU.Build.0 = Debug|Any CPU
		{B6CF7109-373D-4B5C-9801-32154B48A281}.Release|Any CPU.ActiveCfg = Release|Any CPU
		{B6CF7109-373D-4B5C-9801-32154B48A281}.Release|Any CPU.Build.0 = Release|Any CPU
		{4524011C-1A07-4287-B96D-8501DC85D732}.Debug|Any CPU.ActiveCfg = Debug|Any CPU
		{4524011C-1A07-4287-B96D-8501DC85D732}.Debug|Any CPU.Build.0 = Debug|Any CPU
		{4524011C-1A07-4287-B96D-8501DC85D732}.Release|Any CPU.ActiveCfg = Release|Any CPU
		{4524011C-1A07-4287-B96D-8501DC85D732}.Release|Any CPU.Build.0 = Release|Any CPU
		{8030A87F-995C-4B8C-AB20-46C99D0E008B}.Debug|Any CPU.ActiveCfg = Debug|Any CPU
		{8030A87F-995C-4B8C-AB20-46C99D0E008B}.Debug|Any CPU.Build.0 = Debug|Any CPU
		{8030A87F-995C-4B8C-AB20-46C99D0E008B}.Release|Any CPU.ActiveCfg = Release|Any CPU
		{8030A87F-995C-4B8C-AB20-46C99D0E008B}.Release|Any CPU.Build.0 = Release|Any CPU
		{42FED6F3-4C55-4372-A642-42D45A4E3C04}.Debug|Any CPU.ActiveCfg = Debug|Any CPU
		{42FED6F3-4C55-4372-A642-42D45A4E3C04}.Debug|Any CPU.Build.0 = Debug|Any CPU
		{42FED6F3-4C55-4372-A642-42D45A4E3C04}.Release|Any CPU.ActiveCfg = Release|Any CPU
		{42FED6F3-4C55-4372-A642-42D45A4E3C04}.Release|Any CPU.Build.0 = Release|Any CPU
		{532AB058-BEFD-4589-8335-E2AE150ECE67}.Debug|Any CPU.ActiveCfg = Debug|Any CPU
		{532AB058-BEFD-4589-8335-E2AE150ECE67}.Debug|Any CPU.Build.0 = Debug|Any CPU
		{532AB058-BEFD-4589-8335-E2AE150ECE67}.Release|Any CPU.ActiveCfg = Release|Any CPU
		{532AB058-BEFD-4589-8335-E2AE150ECE67}.Release|Any CPU.Build.0 = Release|Any CPU
		{BA805D23-017E-428C-9ED4-60C07DAB3635}.Debug|Any CPU.ActiveCfg = Debug|Any CPU
		{BA805D23-017E-428C-9ED4-60C07DAB3635}.Debug|Any CPU.Build.0 = Debug|Any CPU
		{BA805D23-017E-428C-9ED4-60C07DAB3635}.Release|Any CPU.ActiveCfg = Release|Any CPU
		{BA805D23-017E-428C-9ED4-60C07DAB3635}.Release|Any CPU.Build.0 = Release|Any CPU
		{E966130D-1CB6-49DD-820F-E4ABFA46EA18}.Debug|Any CPU.ActiveCfg = Debug|Any CPU
		{E966130D-1CB6-49DD-820F-E4ABFA46EA18}.Debug|Any CPU.Build.0 = Debug|Any CPU
		{E966130D-1CB6-49DD-820F-E4ABFA46EA18}.Release|Any CPU.ActiveCfg = Release|Any CPU
		{E966130D-1CB6-49DD-820F-E4ABFA46EA18}.Release|Any CPU.Build.0 = Release|Any CPU
		{AED4B9D6-B203-49C9-A95A-157B26A197EB}.Debug|Any CPU.ActiveCfg = Debug|Any CPU
		{AED4B9D6-B203-49C9-A95A-157B26A197EB}.Debug|Any CPU.Build.0 = Debug|Any CPU
		{AED4B9D6-B203-49C9-A95A-157B26A197EB}.Release|Any CPU.ActiveCfg = Release|Any CPU
		{AED4B9D6-B203-49C9-A95A-157B26A197EB}.Release|Any CPU.Build.0 = Release|Any CPU
		{5372109B-54B1-4057-B184-E1F2AE7F7F54}.Debug|Any CPU.ActiveCfg = Debug|Any CPU
		{5372109B-54B1-4057-B184-E1F2AE7F7F54}.Debug|Any CPU.Build.0 = Debug|Any CPU
		{5372109B-54B1-4057-B184-E1F2AE7F7F54}.Release|Any CPU.ActiveCfg = Release|Any CPU
		{5372109B-54B1-4057-B184-E1F2AE7F7F54}.Release|Any CPU.Build.0 = Release|Any CPU
		{3A9F99D4-6653-46EC-B617-84D7384E9956}.Debug|Any CPU.ActiveCfg = Debug|Any CPU
		{3A9F99D4-6653-46EC-B617-84D7384E9956}.Debug|Any CPU.Build.0 = Debug|Any CPU
		{3A9F99D4-6653-46EC-B617-84D7384E9956}.Release|Any CPU.ActiveCfg = Release|Any CPU
		{3A9F99D4-6653-46EC-B617-84D7384E9956}.Release|Any CPU.Build.0 = Release|Any CPU
		{2F79C2E8-5AE7-4F77-859B-33F8E489B948}.Debug|Any CPU.ActiveCfg = Debug|Any CPU
		{2F79C2E8-5AE7-4F77-859B-33F8E489B948}.Debug|Any CPU.Build.0 = Debug|Any CPU
		{2F79C2E8-5AE7-4F77-859B-33F8E489B948}.Release|Any CPU.ActiveCfg = Release|Any CPU
		{2F79C2E8-5AE7-4F77-859B-33F8E489B948}.Release|Any CPU.Build.0 = Release|Any CPU
		{9FAA1DDD-8EAC-476F-B677-1D2CD36E81A9}.Debug|Any CPU.ActiveCfg = Debug|Any CPU
		{9FAA1DDD-8EAC-476F-B677-1D2CD36E81A9}.Debug|Any CPU.Build.0 = Debug|Any CPU
		{9FAA1DDD-8EAC-476F-B677-1D2CD36E81A9}.Release|Any CPU.ActiveCfg = Release|Any CPU
		{9FAA1DDD-8EAC-476F-B677-1D2CD36E81A9}.Release|Any CPU.Build.0 = Release|Any CPU
		{1E259E6F-055F-497F-818D-6AA2EDA64C15}.Debug|Any CPU.ActiveCfg = Debug|Any CPU
		{1E259E6F-055F-497F-818D-6AA2EDA64C15}.Debug|Any CPU.Build.0 = Debug|Any CPU
		{1E259E6F-055F-497F-818D-6AA2EDA64C15}.Release|Any CPU.ActiveCfg = Release|Any CPU
		{1E259E6F-055F-497F-818D-6AA2EDA64C15}.Release|Any CPU.Build.0 = Release|Any CPU
	EndGlobalSection
	GlobalSection(SolutionProperties) = preSolution
		HideSolutionNode = FALSE
	EndGlobalSection
	GlobalSection(NestedProjects) = preSolution
		{83A9F63A-4EE4-48FA-B72E-93DBD7316B7A} = {805ACBCF-64EF-4D5A-BBFF-24BDF4510E86}
		{A645749A-37B9-4ED7-AD74-F21B9B6F131E} = {805ACBCF-64EF-4D5A-BBFF-24BDF4510E86}
		{63438487-B6C6-42DA-BB96-E5069533DA18} = {805ACBCF-64EF-4D5A-BBFF-24BDF4510E86}
		{04B77457-7B05-482E-B4EB-DB9048CDF352} = {7AA240C7-760D-4054-A473-3C0F8AF95697}
		{182556CA-01C3-4EEA-819D-64BAF49A31A1} = {7AA240C7-760D-4054-A473-3C0F8AF95697}
		{5CCA3BBC-C0A4-4D8A-8D64-E20F3B6CE85F} = {7AA240C7-760D-4054-A473-3C0F8AF95697}
		{2381248D-77C1-44F4-B5D7-064009D573F1} = {8E92AABA-E1D2-4FD0-A796-A04AEF03148B}
		{F6C501F9-3E8E-41EC-9FE7-74C40974B93D} = {8E92AABA-E1D2-4FD0-A796-A04AEF03148B}
		{B6CF7109-373D-4B5C-9801-32154B48A281} = {8E92AABA-E1D2-4FD0-A796-A04AEF03148B}
		{4524011C-1A07-4287-B96D-8501DC85D732} = {ED25E06A-0280-4627-83DA-5C53A9BD398D}
		{8030A87F-995C-4B8C-AB20-46C99D0E008B} = {ED25E06A-0280-4627-83DA-5C53A9BD398D}
		{42FED6F3-4C55-4372-A642-42D45A4E3C04} = {ED25E06A-0280-4627-83DA-5C53A9BD398D}
		{532AB058-BEFD-4589-8335-E2AE150ECE67} = {70486B89-28B1-4FFB-AD7D-5B0D329753C7}
		{BA805D23-017E-428C-9ED4-60C07DAB3635} = {70486B89-28B1-4FFB-AD7D-5B0D329753C7}
		{E966130D-1CB6-49DD-820F-E4ABFA46EA18} = {70486B89-28B1-4FFB-AD7D-5B0D329753C7}
		{AED4B9D6-B203-49C9-A95A-157B26A197EB} = {46CCF8CC-DA48-4160-A387-5294E130D4E6}
		{5372109B-54B1-4057-B184-E1F2AE7F7F54} = {46CCF8CC-DA48-4160-A387-5294E130D4E6}
		{3A9F99D4-6653-46EC-B617-84D7384E9956} = {46CCF8CC-DA48-4160-A387-5294E130D4E6}
		{2F79C2E8-5AE7-4F77-859B-33F8E489B948} = {41E3E992-3598-4905-A67F-71F58DC79490}
		{9FAA1DDD-8EAC-476F-B677-1D2CD36E81A9} = {41E3E992-3598-4905-A67F-71F58DC79490}
		{1E259E6F-055F-497F-818D-6AA2EDA64C15} = {41E3E992-3598-4905-A67F-71F58DC79490}
	EndGlobalSection
	GlobalSection(ExtensibilityGlobals) = postSolution
		SolutionGuid = {D854B9C0-18DE-4656-8C64-DEEABF0D4AA3}
	EndGlobalSection
EndGlobal
